
Microsoft Visual Studio Solution File, Format Version 12.00
# Visual Studio Version 17
VisualStudioVersion = 17.3.32901.215
MinimumVisualStudioVersion = 10.0.40219.1
Project("{FAE04EC0-301F-11D3-BF4B-00C04F79EFBC}") = "SDE-Project", "SDE-Project\SDE-Project.csproj", "{3FCE91CF-7A97-403A-B1DE-7999D59F461E}"
EndProject
Global
	GlobalSection(SolutionConfigurationPlatforms) = preSolution
		Debug|Any CPU = Debug|Any CPU
		Release|Any CPU = Release|Any CPU
	EndGlobalSection
	GlobalSection(ProjectConfigurationPlatforms) = postSolution
		{3FCE91CF-7A97-403A-B1DE-7999D59F461E}.Debug|Any CPU.ActiveCfg = Debug|Any CPU
		{3FCE91CF-7A97-403A-B1DE-7999D59F461E}.Debug|Any CPU.Build.0 = Debug|Any CPU
		{3FCE91CF-7A97-403A-B1DE-7999D59F461E}.Release|Any CPU.ActiveCfg = Release|Any CPU
		{3FCE91CF-7A97-403A-B1DE-7999D59F461E}.Release|Any CPU.Build.0 = Release|Any CPU
	EndGlobalSection
	GlobalSection(SolutionProperties) = preSolution
		HideSolutionNode = FALSE
	EndGlobalSection
	GlobalSection(ExtensibilityGlobals) = postSolution
		SolutionGuid = {D8366A6B-BD70-4639-9E76-5E6398A204EF}
	EndGlobalSection
EndGlobal
